version = 1
revision = 2
requires-python = ">=3.9"

[[package]]
name = "pdq"
source = { editable = "." }

[package.dev-dependencies]
dev = [
    { name = "ruff" },
    { name = "uv" },
]

[package.metadata]

[package.metadata.requires-dev]
dev = [
    { name = "ruff", specifier = ">=0.12.1" },
    { name = "uv", specifier = ">=0.7.17" },
]

[[package]]
name = "ruff"
version = "0.12.5"
source = { registry = "https://pypi.org/simple" }
sdist = { url = "https://files.pythonhosted.org/packages/30/cd/01015eb5034605fd98d829c5839ec2c6b4582b479707f7c1c2af861e8258/ruff-0.12.5.tar.gz", hash = "sha256:b209db6102b66f13625940b7f8c7d0f18e20039bb7f6101fbdac935c9612057e", size = 5170722, upload-time = "2025-07-24T13:26:37.456Z" }
wheels = [
    { url = "https://files.pythonhosted.org/packages/d4/de/ad2f68f0798ff15dd8c0bcc2889558970d9a685b3249565a937cd820ad34/ruff-0.12.5-py3-none-linux_armv6l.whl", hash = "sha256:1de2c887e9dec6cb31fcb9948299de5b2db38144e66403b9660c9548a67abd92", size = 11819133, upload-time = "2025-07-24T13:25:56.369Z" },
    { url = "https://files.pythonhosted.org/packages/f8/fc/c6b65cd0e7fbe60f17e7ad619dca796aa49fbca34bb9bea5f8faf1ec2643/ruff-0.12.5-py3-none-macosx_10_12_x86_64.whl", hash = "sha256:d1ab65e7d8152f519e7dea4de892317c9da7a108da1c56b6a3c1d5e7cf4c5e9a", size = 12501114, upload-time = "2025-07-24T13:25:59.471Z" },
    { url = "https://files.pythonhosted.org/packages/c5/de/c6bec1dce5ead9f9e6a946ea15e8d698c35f19edc508289d70a577921b30/ruff-0.12.5-py3-none-macosx_11_0_arm64.whl", hash = "sha256:962775ed5b27c7aa3fdc0d8f4d4433deae7659ef99ea20f783d666e77338b8cf", size = 11716873, upload-time = "2025-07-24T13:26:01.496Z" },
    { url = "https://files.pythonhosted.org/packages/a1/16/cf372d2ebe91e4eb5b82a2275c3acfa879e0566a7ac94d331ea37b765ac8/ruff-0.12.5-py3-none-manylinux_2_17_aarch64.manylinux2014_aarch64.whl", hash = "sha256:73b4cae449597e7195a49eb1cdca89fd9fbb16140c7579899e87f4c85bf82f73", size = 11958829, upload-time = "2025-07-24T13:26:03.721Z" },
    { url = "https://files.pythonhosted.org/packages/25/bf/cd07e8f6a3a6ec746c62556b4c4b79eeb9b0328b362bb8431b7b8afd3856/ruff-0.12.5-py3-none-manylinux_2_17_armv7l.manylinux2014_armv7l.whl", hash = "sha256:8b13489c3dc50de5e2d40110c0cce371e00186b880842e245186ca862bf9a1ac", size = 11626619, upload-time = "2025-07-24T13:26:06.118Z" },
    { url = "https://files.pythonhosted.org/packages/d8/c9/c2ccb3b8cbb5661ffda6925f81a13edbb786e623876141b04919d1128370/ruff-0.12.5-py3-none-manylinux_2_17_i686.manylinux2014_i686.whl", hash = "sha256:f1504fea81461cf4841778b3ef0a078757602a3b3ea4b008feb1308cb3f23e08", size = 13221894, upload-time = "2025-07-24T13:26:08.292Z" },
    { url = "https://files.pythonhosted.org/packages/6b/58/68a5be2c8e5590ecdad922b2bcd5583af19ba648f7648f95c51c3c1eca81/ruff-0.12.5-py3-none-manylinux_2_17_ppc64.manylinux2014_ppc64.whl", hash = "sha256:c7da4129016ae26c32dfcbd5b671fe652b5ab7fc40095d80dcff78175e7eddd4", size = 14163909, upload-time = "2025-07-24T13:26:10.474Z" },
    { url = "https://files.pythonhosted.org/packages/bd/d1/ef6b19622009ba8386fdb792c0743f709cf917b0b2f1400589cbe4739a33/ruff-0.12.5-py3-none-manylinux_2_17_ppc64le.manylinux2014_ppc64le.whl", hash = "sha256:ca972c80f7ebcfd8af75a0f18b17c42d9f1ef203d163669150453f50ca98ab7b", size = 13583652, upload-time = "2025-07-24T13:26:13.381Z" },
    { url = "https://files.pythonhosted.org/packages/62/e3/1c98c566fe6809a0c83751d825a03727f242cdbe0d142c9e292725585521/ruff-0.12.5-py3-none-manylinux_2_17_s390x.manylinux2014_s390x.whl", hash = "sha256:8dbbf9f25dfb501f4237ae7501d6364b76a01341c6f1b2cd6764fe449124bb2a", size = 12700451, upload-time = "2025-07-24T13:26:15.488Z" },
    { url = "https://files.pythonhosted.org/packages/24/ff/96058f6506aac0fbc0d0fc0d60b0d0bd746240a0594657a2d94ad28033ba/ruff-0.12.5-py3-none-manylinux_2_17_x86_64.manylinux2014_x86_64.whl", hash = "sha256:2c47dea6ae39421851685141ba9734767f960113d51e83fd7bb9958d5be8763a", size = 12937465, upload-time = "2025-07-24T13:26:17.808Z" },
    { url = "https://files.pythonhosted.org/packages/eb/d3/68bc5e7ab96c94b3589d1789f2dd6dd4b27b263310019529ac9be1e8f31b/ruff-0.12.5-py3-none-musllinux_1_2_aarch64.whl", hash = "sha256:c5076aa0e61e30f848846f0265c873c249d4b558105b221be1828f9f79903dc5", size = 11771136, upload-time = "2025-07-24T13:26:20.422Z" },
    { url = "https://files.pythonhosted.org/packages/52/75/7356af30a14584981cabfefcf6106dea98cec9a7af4acb5daaf4b114845f/ruff-0.12.5-py3-none-musllinux_1_2_armv7l.whl", hash = "sha256:a5a4c7830dadd3d8c39b1cc85386e2c1e62344f20766be6f173c22fb5f72f293", size = 11601644, upload-time = "2025-07-24T13:26:22.928Z" },
    { url = "https://files.pythonhosted.org/packages/c2/67/91c71d27205871737cae11025ee2b098f512104e26ffd8656fd93d0ada0a/ruff-0.12.5-py3-none-musllinux_1_2_i686.whl", hash = "sha256:46699f73c2b5b137b9dc0fc1a190b43e35b008b398c6066ea1350cce6326adcb", size = 12478068, upload-time = "2025-07-24T13:26:26.134Z" },
    { url = "https://files.pythonhosted.org/packages/34/04/b6b00383cf2f48e8e78e14eb258942fdf2a9bf0287fbf5cdd398b749193a/ruff-0.12.5-py3-none-musllinux_1_2_x86_64.whl", hash = "sha256:5a655a0a0d396f0f072faafc18ebd59adde8ca85fb848dc1b0d9f024b9c4d3bb", size = 12991537, upload-time = "2025-07-24T13:26:28.533Z" },
    { url = "https://files.pythonhosted.org/packages/3e/b9/053d6445dc7544fb6594785056d8ece61daae7214859ada4a152ad56b6e0/ruff-0.12.5-py3-none-win32.whl", hash = "sha256:dfeb2627c459b0b78ca2bbdc38dd11cc9a0a88bf91db982058b26ce41714ffa9", size = 11751575, upload-time = "2025-07-24T13:26:30.835Z" },
    { url = "https://files.pythonhosted.org/packages/bc/0f/ab16e8259493137598b9149734fec2e06fdeda9837e6f634f5c4e35916da/ruff-0.12.5-py3-none-win_amd64.whl", hash = "sha256:ae0d90cf5f49466c954991b9d8b953bd093c32c27608e409ae3564c63c5306a5", size = 12882273, upload-time = "2025-07-24T13:26:32.929Z" },
    { url = "https://files.pythonhosted.org/packages/00/db/c376b0661c24cf770cb8815268190668ec1330eba8374a126ceef8c72d55/ruff-0.12.5-py3-none-win_arm64.whl", hash = "sha256:48cdbfc633de2c5c37d9f090ba3b352d1576b0015bfc3bc98eaf230275b7e805", size = 11951564, upload-time = "2025-07-24T13:26:34.994Z" },
]

[[package]]
name = "uv"
version = "0.8.3"
source = { registry = "https://pypi.org/simple" }
sdist = { url = "https://files.pythonhosted.org/packages/eb/e3/2c3cb3e992fa1bf9af590bb37983f13e3ae67155820a09a98945664f71f3/uv-0.8.3.tar.gz", hash = "sha256:2ccaae4c749126c99f6404d67a0ae1eae29cbafb05603d09094a775061fdf4e5", size = 3415565, upload-time = "2025-07-24T21:14:34.417Z" }
wheels = [
    { url = "https://files.pythonhosted.org/packages/c1/ab/7b881bb236b9c5f6d99a98adf0c4d1e7c4f0cf4b49051d6d24eb82f19c10/uv-0.8.3-py3-none-linux_armv6l.whl", hash = "sha256:ae7efe91dcfc24126fa91e0fb69a1daf6c0e494a781ba192bb0cc62d7ab623ee", size = 17912668, upload-time = "2025-07-24T21:13:50.682Z" },
    { url = "https://files.pythonhosted.org/packages/fa/9b/64d2ed7388ce88971ffb93d45e74465c95bb885bff40c93f5037b7250930/uv-0.8.3-py3-none-macosx_10_12_x86_64.whl", hash = "sha256:966ec7d7f57521fef0fee685d71e183c9cafb358ddcfe27519dfeaf40550f247", size = 17947557, upload-time = "2025-07-24T21:13:54.59Z" },
    { url = "https://files.pythonhosted.org/packages/9c/ba/8ceec5d6a1adf6b827db557077d8059e573a84c3708a70433d22a0470fab/uv-0.8.3-py3-none-macosx_11_0_arm64.whl", hash = "sha256:3f904f574dc2d7aa1d96ddf2483480ecd121dc9d060108cadd8bff100b754b64", size = 16638472, upload-time = "2025-07-24T21:13:57.57Z" },
    { url = "https://files.pythonhosted.org/packages/a3/76/6d2eb90936603756c4a71f9cf5de8d9214fa4d11dcb5a89117389acecd5e/uv-0.8.3-py3-none-manylinux_2_17_aarch64.manylinux2014_aarch64.musllinux_1_1_aarch64.whl", hash = "sha256:8b16f1bddfdf8f7470924ab34a7b55e4c372d5340c7c1e47e7fc84a743dc541f", size = 17221472, upload-time = "2025-07-24T21:14:00.158Z" },
    { url = "https://files.pythonhosted.org/packages/5b/bf/c3e1cc9604b114dfb49a3a40a230b5410fc97776c149ca73bb524990f9ba/uv-0.8.3-py3-none-manylinux_2_17_armv7l.manylinux2014_armv7l.whl", hash = "sha256:526f2c3bd6f311ce31f6f7b6b7d818b191f41e76bed3aaab671b716220c02d8f", size = 17607299, upload-time = "2025-07-24T21:14:02.226Z" },
    { url = "https://files.pythonhosted.org/packages/53/16/819f876f5ca2f8989c19d9b65b7d794d60e6cca0d13187bbc8c8b5532b52/uv-0.8.3-py3-none-manylinux_2_17_i686.manylinux2014_i686.whl", hash = "sha256:76de331a07e5ae9b6490e70a9439a072b91b3167a5684510af10c2752c4ece9a", size = 18218124, upload-time = "2025-07-24T21:14:04.809Z" },
    { url = "https://files.pythonhosted.org/packages/61/a8/1df852a9153fec0c713358a50cfd7a21a4e17b5ed5704a390c0f3da448ab/uv-0.8.3-py3-none-manylinux_2_17_ppc64.manylinux2014_ppc64.whl", hash = "sha256:989898caeb6e972979543b57547d1c28ab8af81ff8fc15921fd354c17d432749", size = 19638846, upload-time = "2025-07-24T21:14:07.074Z" },
    { url = "https://files.pythonhosted.org/packages/ac/31/adeedaa009d8d919107c52afb58689d5e9db578b07f8dea5e15e4c738d52/uv-0.8.3-py3-none-manylinux_2_17_ppc64le.manylinux2014_ppc64le.whl", hash = "sha256:9ce7981f4fbeecf93dc5cf0a5a7915e84956fd99ad3ac977c048fe0cfdb1a17e", size = 19384261, upload-time = "2025-07-24T21:14:09.425Z" },
    { url = "https://files.pythonhosted.org/packages/8d/87/b3981f499e2b13c5ef0022fd7809f0fccbecd41282ae4f6a0e3fd5fa1430/uv-0.8.3-py3-none-manylinux_2_17_s390x.manylinux2014_s390x.whl", hash = "sha256:8486f7576d15cc73509f93f47b3190f44701ea36839906369301b58c8604d5db", size = 18673722, upload-time = "2025-07-24T21:14:11.656Z" },
    { url = "https://files.pythonhosted.org/packages/5e/62/0d1ba1c666c5492d3716d8d3fba425f65ed2acc6707544c3cbbd381f6cbe/uv-0.8.3-py3-none-manylinux_2_17_x86_64.manylinux2014_x86_64.whl", hash = "sha256:f1eb7c896fc0d80ed534748aaf46697b6ebc8ce401f1c51666ce0b9923c3db9a", size = 18658829, upload-time = "2025-07-24T21:14:13.798Z" },
    { url = "https://files.pythonhosted.org/packages/cc/ae/11d09be3c74ca4896d55701ebbca7fe7a32db0502cf9f4c57e20bf77bfc4/uv-0.8.3-py3-none-manylinux_2_28_aarch64.whl", hash = "sha256:1121ad1c9389b865d029385031d3fd7d90d343c92a2149a4d4aa20bf469cb27f", size = 17460029, upload-time = "2025-07-24T21:14:15.993Z" },
    { url = "https://files.pythonhosted.org/packages/22/47/b67296c62381b8369f082a33d9fdcb7c579ad9922bcce7b09cd4af935dfa/uv-0.8.3-py3-none-manylinux_2_31_riscv64.whl", hash = "sha256:5313ee776ad65731ffa8ac585246f987d3a2bf72e6153c12add1fff22ad6e500", size = 18398665, upload-time = "2025-07-24T21:14:18.399Z" },
    { url = "https://files.pythonhosted.org/packages/01/5f/23990de5487085ca86e12f99d0a8f8410419442ffd35c42838675df5549b/uv-0.8.3-py3-none-musllinux_1_1_armv7l.whl", hash = "sha256:daa6e0d657a94f20e962d4a03d833ef7af5c8e51b7c8a2d92ba6cf64a4c07ac1", size = 17560408, upload-time = "2025-07-24T21:14:20.609Z" },
    { url = "https://files.pythonhosted.org/packages/89/42/1a8ce79d2ce7268e52690cd0f1b6c3e6c8d748a68d42de206e37219e9627/uv-0.8.3-py3-none-musllinux_1_1_i686.whl", hash = "sha256:ad13453ab0a1dfa64a221aac8f52199efdcaa52c97134fffd7bcebed794a6f4b", size = 17758504, upload-time = "2025-07-24T21:14:23.086Z" },
    { url = "https://files.pythonhosted.org/packages/6b/39/ae94e06ac00cb5002e636af0e48c5180fab5b50a463dc96386875ea511ea/uv-0.8.3-py3-none-musllinux_1_1_x86_64.whl", hash = "sha256:5843cc43bafad05cc710d8e31bd347ee37202462a63d32c30746e9df48cfbda2", size = 18741736, upload-time = "2025-07-24T21:14:25.329Z" },
    { url = "https://files.pythonhosted.org/packages/18/e0/a2fe9cc5f7b8815cbf97cb1bf64abb71fcb65f25ca7a5a8cdd4c2e23af97/uv-0.8.3-py3-none-win32.whl", hash = "sha256:17bcdb0615e37cc5f985f7d7546f755ac6343c1dc8bbe876c892437f14f8f904", size = 17723422, upload-time = "2025-07-24T21:14:28.02Z" },
    { url = "https://files.pythonhosted.org/packages/cf/c3/da508ec0f6883f1c269a0a477bb6447c81d5383fe3ad5d5ea3d45469fd30/uv-0.8.3-py3-none-win_amd64.whl", hash = "sha256:2e311c029bff2ca07c6ddf877ccc5935cabb78e09b94b53a849542665b6a6fa1", size = 19531666, upload-time = "2025-07-24T21:14:30.192Z" },
    { url = "https://files.pythonhosted.org/packages/b2/8d/c0354e416697b4baa7ceaad0e423639b6683d1f8299355e390a64809f7bf/uv-0.8.3-py3-none-win_arm64.whl", hash = "sha256:391c97577048a40fd8c85b370055df6420f26e81df7fa906f0e0ce1aa2af3527", size = 18161557, upload-time = "2025-07-24T21:14:32.482Z" },
]
